// !$*UTF8*$!
{
	archiveVersion = 1;
	classes = {
	};
	objectVersion = 50;
	objects = {

/* Begin PBXBuildFile section */
		2E9DE8563BB633BC4608B874 /* Pods_Firebase_Demo.framework in Frameworks */ = {isa = PBXBuildFile; fileRef = 3BD4BC81FE1F91DE3BDC01CA /* Pods_Firebase_Demo.framework */; };
		FA53396726527DCB00CD049D /* AppDelegate.swift in Sources */ = {isa = PBXBuildFile; fileRef = FA53396626527DCB00CD049D /* AppDelegate.swift */; };
		FA53396926527DCB00CD049D /* SceneDelegate.swift in Sources */ = {isa = PBXBuildFile; fileRef = FA53396826527DCB00CD049D /* SceneDelegate.swift */; };
		FA53396B26527DCB00CD049D /* ViewController.swift in Sources */ = {isa = PBXBuildFile; fileRef = FA53396A26527DCB00CD049D /* ViewController.swift */; };
		FA53396E26527DCB00CD049D /* Main.storyboard in Resources */ = {isa = PBXBuildFile; fileRef = FA53396C26527DCB00CD049D /* Main.storyboard */; };
		FA53397026527DCC00CD049D /* Assets.xcassets in Resources */ = {isa = PBXBuildFile; fileRef = FA53396F26527DCC00CD049D /* Assets.xcassets */; };
		FA53397326527DCC00CD049D /* LaunchScreen.storyboard in Resources */ = {isa = PBXBuildFile; fileRef = FA53397126527DCC00CD049D /* LaunchScreen.storyboard */; };
		FA53397C2652811800CD049D /* LoginViewController.swift in Sources */ = {isa = PBXBuildFile; fileRef = FA53397B2652811800CD049D /* LoginViewController.swift */; };
		FA53397F2652812000CD049D /* SignupViewController.swift in Sources */ = {isa = PBXBuildFile; fileRef = FA53397E2652812000CD049D /* SignupViewController.swift */; };
		FA533986265284CE00CD049D /* GoogleService-Info.plist in Resources */ = {isa = PBXBuildFile; fileRef = FA533985265284CE00CD049D /* GoogleService-Info.plist */; };
/* End PBXBuildFile section */

/* Begin PBXFileReference section */
		305D3E80FE3F834C7FF43A8D /* Pods-Firebase_Demo.debug.xcconfig */ = {isa = PBXFileReference; includeInIndex = 1; lastKnownFileType = text.xcconfig; name = "Pods-Firebase_Demo.debug.xcconfig"; path = "Target Support Files/Pods-Firebase_Demo/Pods-Firebase_Demo.debug.xcconfig"; sourceTree = "<group>"; };
		3BD4BC81FE1F91DE3BDC01CA /* Pods_Firebase_Demo.framework */ = {isa = PBXFileReference; explicitFileType = wrapper.framework; includeInIndex = 0; path = Pods_Firebase_Demo.framework; sourceTree = BUILT_PRODUCTS_DIR; };
		B344B4160E28825774A873EE /* Pods-Firebase_Demo.release.xcconfig */ = {isa = PBXFileReference; includeInIndex = 1; lastKnownFileType = text.xcconfig; name = "Pods-Firebase_Demo.release.xcconfig"; path = "Target Support Files/Pods-Firebase_Demo/Pods-Firebase_Demo.release.xcconfig"; sourceTree = "<group>"; };
		FA53396326527DCB00CD049D /* Firebase_Demo.app */ = {isa = PBXFileReference; explicitFileType = wrapper.application; includeInIndex = 0; path = Firebase_Demo.app; sourceTree = BUILT_PRODUCTS_DIR; };
		FA53396626527DCB00CD049D /* AppDelegate.swift */ = {isa = PBXFileReference; lastKnownFileType = sourcecode.swift; path = AppDelegate.swift; sourceTree = "<group>"; };
		FA53396826527DCB00CD049D /* SceneDelegate.swift */ = {isa = PBXFileReference; lastKnownFileType = sourcecode.swift; path = SceneDelegate.swift; sourceTree = "<group>"; };
		FA53396A26527DCB00CD049D /* ViewController.swift */ = {isa = PBXFileReference; lastKnownFileType = sourcecode.swift; path = ViewController.swift; sourceTree = "<group>"; };
		FA53396D26527DCB00CD049D /* Base */ = {isa = PBXFileReference; lastKnownFileType = file.storyboard; name = Base; path = Base.lproj/Main.storyboard; sourceTree = "<group>"; };
		FA53396F26527DCC00CD049D /* Assets.xcassets */ = {isa = PBXFileReference; lastKnownFileType = folder.assetcatalog; path = Assets.xcassets; sourceTree = "<group>"; };
		FA53397226527DCC00CD049D /* Base */ = {isa = PBXFileReference; lastKnownFileType = file.storyboard; name = Base; path = Base.lproj/LaunchScreen.storyboard; sourceTree = "<group>"; };
		FA53397426527DCC00CD049D /* Info.plist */ = {isa = PBXFileReference; lastKnownFileType = text.plist.xml; path = Info.plist; sourceTree = "<group>"; };
		FA53397B2652811800CD049D /* LoginViewController.swift */ = {isa = PBXFileReference; lastKnownFileType = sourcecode.swift; path = LoginViewController.swift; sourceTree = "<group>"; };
		FA53397E2652812000CD049D /* SignupViewController.swift */ = {isa = PBXFileReference; lastKnownFileType = sourcecode.swift; path = SignupViewController.swift; sourceTree = "<group>"; };
		FA533985265284CE00CD049D /* GoogleService-Info.plist */ = {isa = PBXFileReference; fileEncoding = 4; lastKnownFileType = text.plist.xml; path = "GoogleService-Info.plist"; sourceTree = "<group>"; };
/* End PBXFileReference section */

/* Begin PBXFrameworksBuildPhase section */
		FA53396026527DCB00CD049D /* Frameworks */ = {
			isa = PBXFrameworksBuildPhase;
			buildActionMask = 2147483647;
			files = (
				2E9DE8563BB633BC4608B874 /* Pods_Firebase_Demo.framework in Frameworks */,
			);
			runOnlyForDeploymentPostprocessing = 0;
		};
/* End PBXFrameworksBuildPhase section */

/* Begin PBXGroup section */
		6D6B091E0DBE719ED3ACAF5B /* Pods */ = {
			isa = PBXGroup;
			children = (
				305D3E80FE3F834C7FF43A8D /* Pods-Firebase_Demo.debug.xcconfig */,
				B344B4160E28825774A873EE /* Pods-Firebase_Demo.release.xcconfig */,
			);
			name = Pods;
			path = Pods;
			sourceTree = "<group>";
		};
		94DEB85E900BC1CBA209C308 /* Frameworks */ = {
			isa = PBXGroup;
			children = (
				3BD4BC81FE1F91DE3BDC01CA /* Pods_Firebase_Demo.framework */,
			);
			name = Frameworks;
			sourceTree = "<group>";
		};
		FA53395A26527DCA00CD049D = {
			isa = PBXGroup;
			children = (
				FA53396526527DCB00CD049D /* Firebase_Demo */,
				FA53396426527DCB00CD049D /* Products */,
				6D6B091E0DBE719ED3ACAF5B /* Pods */,
				94DEB85E900BC1CBA209C308 /* Frameworks */,
			);
			sourceTree = "<group>";
		};
		FA53396426527DCB00CD049D /* Products */ = {
			isa = PBXGroup;
			children = (
				FA53396326527DCB00CD049D /* Firebase_Demo.app */,
			);
			name = Products;
			sourceTree = "<group>";
		};
		FA53396526527DCB00CD049D /* Firebase_Demo */ = {
			isa = PBXGroup;
			children = (
				FA53396626527DCB00CD049D /* AppDelegate.swift */,
				FA53396826527DCB00CD049D /* SceneDelegate.swift */,
				FA53396A26527DCB00CD049D /* ViewController.swift */,
				FA53396C26527DCB00CD049D /* Main.storyboard */,
				FA53397E2652812000CD049D /* SignupViewController.swift */,
				FA53397B2652811800CD049D /* LoginViewController.swift */,
				FA53396F26527DCC00CD049D /* Assets.xcassets */,
				FA53397126527DCC00CD049D /* LaunchScreen.storyboard */,
				FA533985265284CE00CD049D /* GoogleService-Info.plist */,
				FA53397426527DCC00CD049D /* Info.plist */,
			);
			path = Firebase_Demo;
			sourceTree = "<group>";
		};
/* End PBXGroup section */

/* Begin PBXNativeTarget section */
		FA53396226527DCB00CD049D /* Firebase_Demo */ = {
			isa = PBXNativeTarget;
			buildConfigurationList = FA53397726527DCC00CD049D /* Build configuration list for PBXNativeTarget "Firebase_Demo" */;
			buildPhases = (
				E0E425E446D6BCDE56F9B86E /* [CP] Check Pods Manifest.lock */,
				FA53395F26527DCB00CD049D /* Sources */,
				FA53396026527DCB00CD049D /* Frameworks */,
				FA53396126527DCB00CD049D /* Resources */,
				C9AD6ED157A9A6EBFECC0F3A /* [CP] Embed Pods Frameworks */,
			);
			buildRules = (
			);
			dependencies = (
			);
			name = Firebase_Demo;
			productName = Firebase_Demo;
			productReference = FA53396326527DCB00CD049D /* Firebase_Demo.app */;
			productType = "com.apple.product-type.application";
		};
/* End PBXNativeTarget section */

/* Begin PBXProject section */
		FA53395B26527DCA00CD049D /* Project object */ = {
			isa = PBXProject;
			attributes = {
				LastSwiftUpdateCheck = 1240;
				LastUpgradeCheck = 1240;
				TargetAttributes = {
					FA53396226527DCB00CD049D = {
						CreatedOnToolsVersion = 12.4;
					};
				};
			};
			buildConfigurationList = FA53395E26527DCA00CD049D /* Build configuration list for PBXProject "Firebase_Demo" */;
			compatibilityVersion = "Xcode 9.3";
			developmentRegion = en;
			hasScannedForEncodings = 0;
			knownRegions = (
				en,
				Base,
			);
			mainGroup = FA53395A26527DCA00CD049D;
			productRefGroup = FA53396426527DCB00CD049D /* Products */;
			projectDirPath = "";
			projectRoot = "";
			targets = (
				FA53396226527DCB00CD049D /* Firebase_Demo */,
			);
		};
/* End PBXProject section */

/* Begin PBXResourcesBuildPhase section */
		FA53396126527DCB00CD049D /* Resources */ = {
			isa = PBXResourcesBuildPhase;
			buildActionMask = 2147483647;
			files = (
				FA53397326527DCC00CD049D /* LaunchScreen.storyboard in Resources */,
				FA533986265284CE00CD049D /* GoogleService-Info.plist in Resources */,
				FA53397026527DCC00CD049D /* Assets.xcassets in Resources */,
				FA53396E26527DCB00CD049D /* Main.storyboard in Resources */,
			);
			runOnlyForDeploymentPostprocessing = 0;
		};
/* End PBXResourcesBuildPhase section */

/* Begin PBXShellScriptBuildPhase section */
		C9AD6ED157A9A6EBFECC0F3A /* [CP] Embed Pods Frameworks */ = {
			isa = PBXShellScriptBuildPhase;
			buildActionMask = 2147483647;
			files = (
			);
			inputFileListPaths = (
				"${PODS_ROOT}/Target Support Files/Pods-Firebase_Demo/Pods-Firebase_Demo-frameworks-${CONFIGURATION}-input-files.xcfilelist",
			);
			name = "[CP] Embed Pods Frameworks";
			outputFileListPaths = (
				"${PODS_ROOT}/Target Support Files/Pods-Firebase_Demo/Pods-Firebase_Demo-frameworks-${CONFIGURATION}-output-files.xcfilelist",
			);
			runOnlyForDeploymentPostprocessing = 0;
			shellPath = /bin/sh;
			shellScript = "\"${PODS_ROOT}/Target Support Files/Pods-Firebase_Demo/Pods-Firebase_Demo-frameworks.sh\"\n";
			showEnvVarsInLog = 0;
		};
		E0E425E446D6BCDE56F9B86E /* [CP] Check Pods Manifest.lock */ = {
			isa = PBXShellScriptBuildPhase;
			buildActionMask = 2147483647;
			files = (
			);
			inputFileListPaths = (
			);
			inputPaths = (
				"${PODS_PODFILE_DIR_PATH}/Podfile.lock",
				"${PODS_ROOT}/Manifest.lock",
			);
			name = "[CP] Check Pods Manifest.lock";
			outputFileListPaths = (
			);
			outputPaths = (
				"$(DERIVED_FILE_DIR)/Pods-Firebase_Demo-checkManifestLockResult.txt",
			);
			runOnlyForDeploymentPostprocessing = 0;
			shellPath = /bin/sh;
			shellScript = "diff \"${PODS_PODFILE_DIR_PATH}/Podfile.lock\" \"${PODS_ROOT}/Manifest.lock\" > /dev/null\nif [ $? != 0 ] ; then\n    # print error to STDERR\n    echo \"error: The sandbox is not in sync with the Podfile.lock. Run 'pod install' or update your CocoaPods installation.\" >&2\n    exit 1\nfi\n# This output is used by Xcode 'outputs' to avoid re-running this script phase.\necho \"SUCCESS\" > \"${SCRIPT_OUTPUT_FILE_0}\"\n";
			showEnvVarsInLog = 0;
		};
/* End PBXShellScriptBuildPhase section */

/* Begin PBXSourcesBuildPhase section */
		FA53395F26527DCB00CD049D /* Sources */ = {
			isa = PBXSourcesBuildPhase;
			buildActionMask = 2147483647;
			files = (
				FA53397C2652811800CD049D /* LoginViewController.swift in Sources */,
				FA53396B26527DCB00CD049D /* ViewController.swift in Sources */,
				FA53397F2652812000CD049D /* SignupViewController.swift in Sources */,
				FA53396726527DCB00CD049D /* AppDelegate.swift in Sources */,
				FA53396926527DCB00CD049D /* SceneDelegate.swift in Sources */,
			);
			runOnlyForDeploymentPostprocessing = 0;
		};
/* End PBXSourcesBuildPhase section */

/* Begin PBXVariantGroup section */
		FA53396C26527DCB00CD049D /* Main.storyboard */ = {
			isa = PBXVariantGroup;
			children = (
				FA53396D26527DCB00CD049D /* Base */,
			);
			name = Main.storyboard;
			sourceTree = "<group>";
		};
		FA53397126527DCC00CD049D /* LaunchScreen.storyboard */ = {
			isa = PBXVariantGroup;
			children = (
				FA53397226527DCC00CD049D /* Base */,
			);
			name = LaunchScreen.storyboard;
			sourceTree = "<group>";
		};
/* End PBXVariantGroup section */

/* Begin XCBuildConfiguration section */
		FA53397526527DCC00CD049D /* Debug */ = {
			isa = XCBuildConfiguration;
			buildSettings = {
				ALWAYS_SEARCH_USER_PATHS = NO;
				CLANG_ANALYZER_NONNULL = YES;
				CLANG_ANALYZER_NUMBER_OBJECT_CONVERSION = YES_AGGRESSIVE;
				CLANG_CXX_LANGUAGE_STANDARD = "gnu++14";
				CLANG_CXX_LIBRARY = "libc++";
				CLANG_ENABLE_MODULES = YES;
				CLANG_ENABLE_OBJC_ARC = YES;
				CLANG_ENABLE_OBJC_WEAK = YES;
				CLANG_WARN_BLOCK_CAPTURE_AUTORELEASING = YES;
				CLANG_WARN_BOOL_CONVERSION = YES;
				CLANG_WARN_COMMA = YES;
				CLANG_WARN_CONSTANT_CONVERSION = YES;
				CLANG_WARN_DEPRECATED_OBJC_IMPLEMENTATIONS = YES;
				CLANG_WARN_DIRECT_OBJC_ISA_USAGE = YES_ERROR;
				CLANG_WARN_DOCUMENTATION_COMMENTS = YES;
				CLANG_WARN_EMPTY_BODY = YES;
				CLANG_WARN_ENUM_CONVERSION = YES;
				CLANG_WARN_INFINITE_RECURSION = YES;
				CLANG_WARN_INT_CONVERSION = YES;
				CLANG_WARN_NON_LITERAL_NULL_CONVERSION = YES;
				CLANG_WARN_OBJC_IMPLICIT_RETAIN_SELF = YES;
				CLANG_WARN_OBJC_LITERAL_CONVERSION = YES;
				CLANG_WARN_OBJC_ROOT_CLASS = YES_ERROR;
				CLANG_WARN_QUOTED_INCLUDE_IN_FRAMEWORK_HEADER = YES;
				CLANG_WARN_RANGE_LOOP_ANALYSIS = YES;
				CLANG_WARN_STRICT_PROTOTYPES = YES;
				CLANG_WARN_SUSPICIOUS_MOVE = YES;
				CLANG_WARN_UNGUARDED_AVAILABILITY = YES_AGGRESSIVE;
				CLANG_WARN_UNREACHABLE_CODE = YES;
				CLANG_WARN__DUPLICATE_METHOD_MATCH = YES;
				COPY_PHASE_STRIP = NO;
				DEBUG_INFORMATION_FORMAT = dwarf;
				ENABLE_STRICT_OBJC_MSGSEND = YES;
				ENABLE_TESTABILITY = YES;
				GCC_C_LANGUAGE_STANDARD = gnu11;
				GCC_DYNAMIC_NO_PIC = NO;
				GCC_NO_COMMON_BLOCKS = YES;
				GCC_OPTIMIZATION_LEVEL = 0;
				GCC_PREPROCESSOR_DEFINITIONS = (
					"DEBUG=1",
					"$(inherited)",
				);
				GCC_WARN_64_TO_32_BIT_CONVERSION = YES;
				GCC_WARN_ABOUT_RETURN_TYPE = YES_ERROR;
				GCC_WARN_UNDECLARED_SELECTOR = YES;
				GCC_WARN_UNINITIALIZED_AUTOS = YES_AGGRESSIVE;
				GCC_WARN_UNUSED_FUNCTION = YES;
				GCC_WARN_UNUSED_VARIABLE = YES;
				IPHONEOS_DEPLOYMENT_TARGET = 14.4;
				MTL_ENABLE_DEBUG_INFO = INCLUDE_SOURCE;
				MTL_FAST_MATH = YES;
				ONLY_ACTIVE_ARCH = YES;
				SDKROOT = iphoneos;
				SWIFT_ACTIVE_COMPILATION_CONDITIONS = DEBUG;
				SWIFT_OPTIMIZATION_LEVEL = "-Onone";
			};
			name = Debug;
		};
		FA53397626527DCC00CD049D /* Release */ = {
			isa = XCBuildConfiguration;
			buildSettings = {
				ALWAYS_SEARCH_USER_PATHS = NO;
				CLANG_ANALYZER_NONNULL = YES;
				CLANG_ANALYZER_NUMBER_OBJECT_CONVERSION = YES_AGGRESSIVE;
				CLANG_CXX_LANGUAGE_STANDARD = "gnu++14";
				CLANG_CXX_LIBRARY = "libc++";
				CLANG_ENABLE_MODULES = YES;
				CLANG_ENABLE_OBJC_ARC = YES;
				CLANG_ENABLE_OBJC_WEAK = YES;
				CLANG_WARN_BLOCK_CAPTURE_AUTORELEASING = YES;
				CLANG_WARN_BOOL_CONVERSION = YES;
				CLANG_WARN_COMMA = YES;
				CLANG_WARN_CONSTANT_CONVERSION = YES;
				CLANG_WARN_DEPRECATED_OBJC_IMPLEMENTATIONS = YES;
				CLANG_WARN_DIRECT_OBJC_ISA_USAGE = YES_ERROR;
				CLANG_WARN_DOCUMENTATION_COMMENTS = YES;
				CLANG_WARN_EMPTY_BODY = YES;
				CLANG_WARN_ENUM_CONVERSION = YES;
				CLANG_WARN_INFINITE_RECURSION = YES;
				CLANG_WARN_INT_CONVERSION = YES;
				CLANG_WARN_NON_LITERAL_NULL_CONVERSION = YES;
				CLANG_WARN_OBJC_IMPLICIT_RETAIN_SELF = YES;
				CLANG_WARN_OBJC_LITERAL_CONVERSION = YES;
				CLANG_WARN_OBJC_ROOT_CLASS = YES_ERROR;
				CLANG_WARN_QUOTED_INCLUDE_IN_FRAMEWORK_HEADER = YES;
				CLANG_WARN_RANGE_LOOP_ANALYSIS = YES;
				CLANG_WARN_STRICT_PROTOTYPES = YES;
				CLANG_WARN_SUSPICIOUS_MOVE = YES;
				CLANG_WARN_UNGUARDED_AVAILABILITY = YES_AGGRESSIVE;
				CLANG_WARN_UNREACHABLE_CODE = YES;
				CLANG_WARN__DUPLICATE_METHOD_MATCH = YES;
				COPY_PHASE_STRIP = NO;
				DEBUG_INFORMATION_FORMAT = "dwarf-with-dsym";
				ENABLE_NS_ASSERTIONS = NO;
				ENABLE_STRICT_OBJC_MSGSEND = YES;
				GCC_C_LANGUAGE_STANDARD = gnu11;
				GCC_NO_COMMON_BLOCKS = YES;
				GCC_WARN_64_TO_32_BIT_CONVERSION = YES;
				GCC_WARN_ABOUT_RETURN_TYPE = YES_ERROR;
				GCC_WARN_UNDECLARED_SELECTOR = YES;
				GCC_WARN_UNINITIALIZED_AUTOS = YES_AGGRESSIVE;
				GCC_WARN_UNUSED_FUNCTION = YES;
				GCC_WARN_UNUSED_VARIABLE = YES;
				IPHONEOS_DEPLOYMENT_TARGET = 14.4;
				MTL_ENABLE_DEBUG_INFO = NO;
				MTL_FAST_MATH = YES;
				SDKROOT = iphoneos;
				SWIFT_COMPILATION_MODE = wholemodule;
				SWIFT_OPTIMIZATION_LEVEL = "-O";
				VALIDATE_PRODUCT = YES;
			};
			name = Release;
		};
		FA53397826527DCC00CD049D /* Debug */ = {
			isa = XCBuildConfiguration;
			baseConfigurationReference = 305D3E80FE3F834C7FF43A8D /* Pods-Firebase_Demo.debug.xcconfig */;
			buildSettings = {
				ASSETCATALOG_COMPILER_APPICON_NAME = AppIcon;
				ASSETCATALOG_COMPILER_GLOBAL_ACCENT_COLOR_NAME = AccentColor;
				CODE_SIGN_STYLE = Automatic;
				DEVELOPMENT_TEAM = 3QZYVLA47T;
				INFOPLIST_FILE = Firebase_Demo/Info.plist;
				LD_RUNPATH_SEARCH_PATHS = (
					"$(inherited)",
					"@executable_path/Frameworks",
				);
				PRODUCT_BUNDLE_IDENTIFIER = "com.better.solution.ios.firebase.Firebase-Demo";
				PRODUCT_NAME = "$(TARGET_NAME)";
				SWIFT_VERSION = 5.0;
				TARGETED_DEVICE_FAMILY = "1,2";
			};
			name = Debug;
		};
		FA53397926527DCC00CD049D /* Release */ = {
			isa = XCBuildConfiguration;
			baseConfigurationReference = B344B4160E28825774A873EE /* Pods-Firebase_Demo.release.xcconfig */;
			buildSettings = {
				ASSETCATALOG_COMPILER_APPICON_NAME = AppIcon;
				ASSETCATALOG_COMPILER_GLOBAL_ACCENT_COLOR_NAME = AccentColor;
				CODE_SIGN_STYLE = Automatic;
				DEVELOPMENT_TEAM = 3QZYVLA47T;
				INFOPLIST_FILE = Firebase_Demo/Info.plist;
				LD_RUNPATH_SEARCH_PATHS = (
					"$(inherited)",
					"@executable_path/Frameworks",
				);
				PRODUCT_BUNDLE_IDENTIFIER = "com.better.solution.ios.firebase.Firebase-Demo";
				PRODUCT_NAME = "$(TARGET_NAME)";
				SWIFT_VERSION = 5.0;
				TARGETED_DEVICE_FAMILY = "1,2";
			};
			name = Release;
		};
/* End XCBuildConfiguration section */

/* Begin XCConfigurationList section */
		FA53395E26527DCA00CD049D /* Build configuration list for PBXProject "Firebase_Demo" */ = {
			isa = XCConfigurationList;
			buildConfigurations = (
				FA53397526527DCC00CD049D /* Debug */,
				FA53397626527DCC00CD049D /* Release */,
			);
			defaultConfigurationIsVisible = 0;
			defaultConfigurationName = Release;
		};
		FA53397726527DCC00CD049D /* Build configuration list for PBXNativeTarget "Firebase_Demo" */ = {
			isa = XCConfigurationList;
			buildConfigurations = (
				FA53397826527DCC00CD049D /* Debug */,
				FA53397926527DCC00CD049D /* Release */,
			);
			defaultConfigurationIsVisible = 0;
			defaultConfigurationName = Release;
		};
/* End XCConfigurationList section */
	};
	rootObject = FA53395B26527DCA00CD049D /* Project object */;
}
